github.com/wowchemy/wowchemy-hugo-modules/wowchemy v0.0.0-20210425191248-0afcc81296de h1:mHQIJmHZXFEqPmH4cUCFfNVUds1hBPUtTHVMMYeopn0=
github.com/wowchemy/wowchemy-hugo-modules/wowchemy v0.0.0-20210425191248-0afcc81296de/go.mod h1:H22qfH9qj3FWwsk7+bAZpmT24yRGNQURah2/IRwjbn8=
github.com/wowchemy/wowchemy-hugo-modules/wowchemy-cms v0.0.0-20210425191248-0afcc81296de h1:J7MkieFVezVdQHtAvCOvAAaUv83oVMRqWzt7qkkUlPw=
github.com/wowchemy/wowchemy-hugo-modules/wowchemy-cms v0.0.0-20210425191248-0afcc81296de/go.mod h1:AKpYbqUVlj0VYsc7Jsxe1o8Ko2yV31A5ZPdfpACcXJw=
github.com/wowchemy/wowchemy-hugo-themes/modules/wowchemy-plugin-netlify v1.0.0 h1:blRMoXNtlxnqXlVi4eCdPtTfVpJkH9J1f6tEKDXimCY=
github.com/wowchemy/wowchemy-hugo-themes/modules/wowchemy-plugin-netlify v1.0.0/go.mod h1:s40UgLsWfVyCLQ2F4F3dBcNfZOXcPGld7KxsKhZdzvM=
github.com/wowchemy/wowchemy-hugo-themes/modules/wowchemy-plugin-netlify-cms v1.0.0 h1:WCbC3jjXAcFGUWn5W1QUk5tzNq4x4NcyqABI/s0SnWw=
github.com/wowchemy/wowchemy-hugo-themes/modules/wowchemy-plugin-netlify-cms v1.0.0/go.mod h1:X1mETJo6Lkv9tEgfU0UYFRiRInf0RbgW+s1RKXB4GMA=
github.com/wowchemy/wowchemy-hugo-themes/modules/wowchemy-plugin-reveal v0.0.0-20220917145654-342a418071ed h1:FOAREJIt44fw25SDNLCfqpT0bgLUoUi8BW9S/BWNP0E=
github.com/wowchemy/wowchemy-hugo-themes/modules/wowchemy-plugin-reveal v0.0.0-20220917145654-342a418071ed/go.mod h1:kxZg+FKof+BAZ/PK7N+NNZJbEcJYN5PCxGrotRKEDSs=
github.com/wowchemy/wowchemy-hugo-themes/modules/wowchemy/v5 v5.6.0 h1:l7FIPHFJ8KKktS8Nrfk/u47PkDTbg6TNHg4VY3g41Xc=
github.com/wowchemy/wowchemy-hugo-themes/modules/wowchemy/v5 v5.6.0/go.mod h1:EfRfz/zhkliLPRWYdXRatho64juF3EFaJnciCi5YzwA=
